
Microsoft Visual Studio Solution File, Format Version 12.00
# Visual Studio 15
VisualStudioVersion = 15.0.28307.1231
MinimumVisualStudioVersion = 10.0.40219.1
Project("{8BC9CEB8-8B4A-11D0-8D11-00A0C91BC942}") = "matrix_reload", "matrix_reload\matrix_reload.vcxproj", "{1D6EC451-F244-42AF-96A4-E00465AEFA09}"
EndProject
Project("{8BC9CEB8-8B4A-11D0-8D11-00A0C91BC942}") = "payment", "payment\payment.vcxproj", "{CD215FE2-8947-4F3A-8B34-AE2E8AF949CC}"
EndProject
Project("{8BC9CEB8-8B4A-11D0-8D11-00A0C91BC942}") = "payment_Base_class_pointer", "payment_Base_class_pointer\payment_Base_class_pointer.vcxproj", "{761CE87B-44F5-4AAC-BD53-346D96D016C2}"
EndProject
Project("{8BC9CEB8-8B4A-11D0-8D11-00A0C91BC942}") = "Virtual_Function", "Virtual_Function\Virtual_Function.vcxproj", "{BDF50E44-D210-4830-BF2E-FD5F81CDFF67}"
EndProject
Project("{8BC9CEB8-8B4A-11D0-8D11-00A0C91BC942}") = "Separate_compilation", "Separate_compilation\Separate_compilation.vcxproj", "{8ED06571-5D0F-4246-AF90-B3DCAEE1E20C}"
EndProject
Project("{8BC9CEB8-8B4A-11D0-8D11-00A0C91BC942}") = "Template", "Template\Template.vcxproj", "{25A1DD0E-A7B1-4222-A79C-271035A2A6DB}"
EndProject
Global
	GlobalSection(SolutionConfigurationPlatforms) = preSolution
		Debug|x64 = Debug|x64
		Debug|x86 = Debug|x86
		Release|x64 = Release|x64
		Release|x86 = Release|x86
	EndGlobalSection
	GlobalSection(ProjectConfigurationPlatforms) = postSolution
		{1D6EC451-F244-42AF-96A4-E00465AEFA09}.Debug|x64.ActiveCfg = Debug|x64
		{1D6EC451-F244-42AF-96A4-E00465AEFA09}.Debug|x64.Build.0 = Debug|x64
		{1D6EC451-F244-42AF-96A4-E00465AEFA09}.Debug|x86.ActiveCfg = Debug|Win32
		{1D6EC451-F244-42AF-96A4-E00465AEFA09}.Debug|x86.Build.0 = Debug|Win32
		{1D6EC451-F244-42AF-96A4-E00465AEFA09}.Release|x64.ActiveCfg = Release|x64
		{1D6EC451-F244-42AF-96A4-E00465AEFA09}.Release|x64.Build.0 = Release|x64
		{1D6EC451-F244-42AF-96A4-E00465AEFA09}.Release|x86.ActiveCfg = Release|Win32
		{1D6EC451-F244-42AF-96A4-E00465AEFA09}.Release|x86.Build.0 = Release|Win32
		{CD215FE2-8947-4F3A-8B34-AE2E8AF949CC}.Debug|x64.ActiveCfg = Debug|x64
		{CD215FE2-8947-4F3A-8B34-AE2E8AF949CC}.Debug|x64.Build.0 = Debug|x64
		{CD215FE2-8947-4F3A-8B34-AE2E8AF949CC}.Debug|x86.ActiveCfg = Debug|Win32
		{CD215FE2-8947-4F3A-8B34-AE2E8AF949CC}.Debug|x86.Build.0 = Debug|Win32
		{CD215FE2-8947-4F3A-8B34-AE2E8AF949CC}.Release|x64.ActiveCfg = Release|x64
		{CD215FE2-8947-4F3A-8B34-AE2E8AF949CC}.Release|x64.Build.0 = Release|x64
		{CD215FE2-8947-4F3A-8B34-AE2E8AF949CC}.Release|x86.ActiveCfg = Release|Win32
		{CD215FE2-8947-4F3A-8B34-AE2E8AF949CC}.Release|x86.Build.0 = Release|Win32
		{761CE87B-44F5-4AAC-BD53-346D96D016C2}.Debug|x64.ActiveCfg = Debug|x64
		{761CE87B-44F5-4AAC-BD53-346D96D016C2}.Debug|x64.Build.0 = Debug|x64
		{761CE87B-44F5-4AAC-BD53-346D96D016C2}.Debug|x86.ActiveCfg = Debug|Win32
		{761CE87B-44F5-4AAC-BD53-346D96D016C2}.Debug|x86.Build.0 = Debug|Win32
		{761CE87B-44F5-4AAC-BD53-346D96D016C2}.Release|x64.ActiveCfg = Release|x64
		{761CE87B-44F5-4AAC-BD53-346D96D016C2}.Release|x64.Build.0 = Release|x64
		{761CE87B-44F5-4AAC-BD53-346D96D016C2}.Release|x86.ActiveCfg = Release|Win32
		{761CE87B-44F5-4AAC-BD53-346D96D016C2}.Release|x86.Build.0 = Release|Win32
		{BDF50E44-D210-4830-BF2E-FD5F81CDFF67}.Debug|x64.ActiveCfg = Debug|x64
		{BDF50E44-D210-4830-BF2E-FD5F81CDFF67}.Debug|x64.Build.0 = Debug|x64
		{BDF50E44-D210-4830-BF2E-FD5F81CDFF67}.Debug|x86.ActiveCfg = Debug|Win32
		{BDF50E44-D210-4830-BF2E-FD5F81CDFF67}.Debug|x86.Build.0 = Debug|Win32
		{BDF50E44-D210-4830-BF2E-FD5F81CDFF67}.Release|x64.ActiveCfg = Release|x64
		{BDF50E44-D210-4830-BF2E-FD5F81CDFF67}.Release|x64.Build.0 = Release|x64
		{BDF50E44-D210-4830-BF2E-FD5F81CDFF67}.Release|x86.ActiveCfg = Release|Win32
		{BDF50E44-D210-4830-BF2E-FD5F81CDFF67}.Release|x86.Build.0 = Release|Win32
		{8ED06571-5D0F-4246-AF90-B3DCAEE1E20C}.Debug|x64.ActiveCfg = Debug|x64
		{8ED06571-5D0F-4246-AF90-B3DCAEE1E20C}.Debug|x64.Build.0 = Debug|x64
		{8ED06571-5D0F-4246-AF90-B3DCAEE1E20C}.Debug|x86.ActiveCfg = Debug|Win32
		{8ED06571-5D0F-4246-AF90-B3DCAEE1E20C}.Debug|x86.Build.0 = Debug|Win32
		{8ED06571-5D0F-4246-AF90-B3DCAEE1E20C}.Release|x64.ActiveCfg = Release|x64
		{8ED06571-5D0F-4246-AF90-B3DCAEE1E20C}.Release|x64.Build.0 = Release|x64
		{8ED06571-5D0F-4246-AF90-B3DCAEE1E20C}.Release|x86.ActiveCfg = Release|Win32
		{8ED06571-5D0F-4246-AF90-B3DCAEE1E20C}.Release|x86.Build.0 = Release|Win32
		{25A1DD0E-A7B1-4222-A79C-271035A2A6DB}.Debug|x64.ActiveCfg = Debug|x64
		{25A1DD0E-A7B1-4222-A79C-271035A2A6DB}.Debug|x64.Build.0 = Debug|x64
		{25A1DD0E-A7B1-4222-A79C-271035A2A6DB}.Debug|x86.ActiveCfg = Debug|Win32
		{25A1DD0E-A7B1-4222-A79C-271035A2A6DB}.Debug|x86.Build.0 = Debug|Win32
		{25A1DD0E-A7B1-4222-A79C-271035A2A6DB}.Release|x64.ActiveCfg = Release|x64
		{25A1DD0E-A7B1-4222-A79C-271035A2A6DB}.Release|x64.Build.0 = Release|x64
		{25A1DD0E-A7B1-4222-A79C-271035A2A6DB}.Release|x86.ActiveCfg = Release|Win32
		{25A1DD0E-A7B1-4222-A79C-271035A2A6DB}.Release|x86.Build.0 = Release|Win32
	EndGlobalSection
	GlobalSection(SolutionProperties) = preSolution
		HideSolutionNode = FALSE
	EndGlobalSection
	GlobalSection(ExtensibilityGlobals) = postSolution
		SolutionGuid = {5651DBF1-BF00-441B-AF2E-8296644D28EA}
	EndGlobalSection
EndGlobal
